
Microsoft Visual Studio Solution File, Format Version 12.00
# Visual Studio Version 17
VisualStudioVersion = 17.2.32616.157
MinimumVisualStudioVersion = 10.0.40219.1
Project("{FAE04EC0-301F-11D3-BF4B-00C04F79EFBC}") = "WebApiMinimal", "WebApiMinimal\WebApiMinimal.csproj", "{221BC447-52C2-4089-96E8-9F184E06BED3}"
EndProject
Global
	GlobalSection(SolutionConfigurationPlatforms) = preSolution
		Debug|Any CPU = Debug|Any CPU
		Release|Any CPU = Release|Any CPU
	EndGlobalSection
	GlobalSection(ProjectConfigurationPlatforms) = postSolution
		{221BC447-52C2-4089-96E8-9F184E06BED3}.Debug|Any CPU.ActiveCfg = Debug|Any CPU
		{221BC447-52C2-4089-96E8-9F184E06BED3}.Debug|Any CPU.Build.0 = Debug|Any CPU
		{221BC447-52C2-4089-96E8-9F184E06BED3}.Release|Any CPU.ActiveCfg = Release|Any CPU
		{221BC447-52C2-4089-96E8-9F184E06BED3}.Release|Any CPU.Build.0 = Release|Any CPU
	EndGlobalSection
	GlobalSection(SolutionProperties) = preSolution
		HideSolutionNode = FALSE
	EndGlobalSection
	GlobalSection(ExtensibilityGlobals) = postSolution
		SolutionGuid = {925660C8-8F57-486F-97EF-DE57057A3860}
	EndGlobalSection
EndGlobal
